
Microsoft Visual Studio Solution File, Format Version 12.00
# Visual Studio Version 17
VisualStudioVersion = 17.7.34202.233
MinimumVisualStudioVersion = 10.0.40219.1
Project("{FAE04EC0-301F-11D3-BF4B-00C04F79EFBC}") = "Sign of Integer", "Sign of Integer\Sign of Integer.csproj", "{C6A7153E-5806-4FC3-970E-AF4B87D8C2DC}"
EndProject
Global
	GlobalSection(SolutionConfigurationPlatforms) = preSolution
		Debug|Any CPU = Debug|Any CPU
		Release|Any CPU = Release|Any CPU
	EndGlobalSection
	GlobalSection(ProjectConfigurationPlatforms) = postSolution
		{C6A7153E-5806-4FC3-970E-AF4B87D8C2DC}.Debug|Any CPU.ActiveCfg = Debug|Any CPU
		{C6A7153E-5806-4FC3-970E-AF4B87D8C2DC}.Debug|Any CPU.Build.0 = Debug|Any CPU
		{C6A7153E-5806-4FC3-970E-AF4B87D8C2DC}.Release|Any CPU.ActiveCfg = Release|Any CPU
		{C6A7153E-5806-4FC3-970E-AF4B87D8C2DC}.Release|Any CPU.Build.0 = Release|Any CPU
	EndGlobalSection
	GlobalSection(SolutionProperties) = preSolution
		HideSolutionNode = FALSE
	EndGlobalSection
	GlobalSection(ExtensibilityGlobals) = postSolution
		SolutionGuid = {41F55A29-6529-4D44-AA46-E55298E48AD4}
	EndGlobalSection
EndGlobal
